PODS:
  - Alamofire (4.8.2)
  - AlamofireImage (3.5.2):
    - Alamofire (~> 4.8)
  - Hero (1.4.0)
  - SnapKit (4.0.1)

DEPENDENCIES:
  - AlamofireImage (~> 3.5)
  - Hero
  - SnapKit (~> 4.0.0)

SPEC REPOS:
  https://github.com/cocoapods/specs.git:
    - Alamofire
    - AlamofireImage
    - Hero
    - SnapKit

SPEC CHECKSUMS:
  Alamofire: ae5c501addb7afdbb13687d7f2f722c78734c2d3
  AlamofireImage: 63cfe3baf1370be6c498149687cf6db3e3b00999
  Hero: bac92350d7201a1a940003e0767c7b52ce7c99a1
  SnapKit: 0de968a9fec17499afa29683b05d0c775b6d1c29

PODFILE CHECKSUM: 2638179d9ebb38751c26ecf1ad1ff03c4100fafc

COCOAPODS: 1.7.5
